
Microsoft Visual Studio Solution File, Format Version 12.00
# Visual Studio 14
VisualStudioVersion = 14.0.22823.1
MinimumVisualStudioVersion = 10.0.40219.1
Project("{FAE04EC0-301F-11D3-BF4B-00C04F79EFBC}") = "Simplr.Core.WebJobs", "Simplr.Core.WebJobs\Simplr.Core.WebJobs.csproj", "{F6E29800-9F6B-4F92-B4EE-094C1E2358C9}"
EndProject
Project("{FAE04EC0-301F-11D3-BF4B-00C04F79EFBC}") = "Simplr.Core.Avro", "Simplr.Core.Avro\Simplr.Core.Avro.csproj", "{A6529FB4-EFC7-4B50-B4F5-C89ACD469AAC}"
EndProject
Project("{FAE04EC0-301F-11D3-BF4B-00C04F79EFBC}") = "Simplr.Core.Web", "Simplr.Core.Web\Simplr.Core.Web.csproj", "{317D49CE-F7BE-4CFE-AABF-2737FA143F22}"
EndProject
Global
	GlobalSection(SolutionConfigurationPlatforms) = preSolution
		Debug|Any CPU = Debug|Any CPU
		Release|Any CPU = Release|Any CPU
	EndGlobalSection
	GlobalSection(ProjectConfigurationPlatforms) = postSolution
		{F6E29800-9F6B-4F92-B4EE-094C1E2358C9}.Debug|Any CPU.ActiveCfg = Debug|Any CPU
		{F6E29800-9F6B-4F92-B4EE-094C1E2358C9}.Debug|Any CPU.Build.0 = Debug|Any CPU
		{F6E29800-9F6B-4F92-B4EE-094C1E2358C9}.Release|Any CPU.ActiveCfg = Release|Any CPU
		{F6E29800-9F6B-4F92-B4EE-094C1E2358C9}.Release|Any CPU.Build.0 = Release|Any CPU
		{A6529FB4-EFC7-4B50-B4F5-C89ACD469AAC}.Debug|Any CPU.ActiveCfg = Debug|Any CPU
		{A6529FB4-EFC7-4B50-B4F5-C89ACD469AAC}.Debug|Any CPU.Build.0 = Debug|Any CPU
		{A6529FB4-EFC7-4B50-B4F5-C89ACD469AAC}.Release|Any CPU.ActiveCfg = Release|Any CPU
		{A6529FB4-EFC7-4B50-B4F5-C89ACD469AAC}.Release|Any CPU.Build.0 = Release|Any CPU
		{317D49CE-F7BE-4CFE-AABF-2737FA143F22}.Debug|Any CPU.ActiveCfg = Debug|Any CPU
		{317D49CE-F7BE-4CFE-AABF-2737FA143F22}.Debug|Any CPU.Build.0 = Debug|Any CPU
		{317D49CE-F7BE-4CFE-AABF-2737FA143F22}.Release|Any CPU.ActiveCfg = Release|Any CPU
		{317D49CE-F7BE-4CFE-AABF-2737FA143F22}.Release|Any CPU.Build.0 = Release|Any CPU
	EndGlobalSection
	GlobalSection(SolutionProperties) = preSolution
		HideSolutionNode = FALSE
	EndGlobalSection
EndGlobal
